
Microsoft Visual Studio Solution File, Format Version 12.00
# Visual Studio Version 16
VisualStudioVersion = 16.0.31321.278
MinimumVisualStudioVersion = 10.0.40219.1
Project("{FAE04EC0-301F-11D3-BF4B-00C04F79EFBC}") = "1 add", "1 add\1 add.csproj", "{0BDEF116-004B-4673-974A-3A4ABC340696}"
EndProject
Project("{FAE04EC0-301F-11D3-BF4B-00C04F79EFBC}") = "3 factory account", "3 factory account\3 factory account.csproj", "{565EAC16-0559-49F1-9A4F-DF9C175FDD3E}"
EndProject
Project("{FAE04EC0-301F-11D3-BF4B-00C04F79EFBC}") = "4 OrderedDictionary", "4 OrderedDictionary\4 OrderedDictionary.csproj", "{BB137862-4A09-446D-BD6A-0AFC26EB0188}"
EndProject
Project("{FAE04EC0-301F-11D3-BF4B-00C04F79EFBC}") = "2 buyers", "2 buyers\2 buyers.csproj", "{8BA98FC5-C8A9-4791-A2CE-59BA67800DB3}"
EndProject
Global
	GlobalSection(SolutionConfigurationPlatforms) = preSolution
		Debug|Any CPU = Debug|Any CPU
		Release|Any CPU = Release|Any CPU
	EndGlobalSection
	GlobalSection(ProjectConfigurationPlatforms) = postSolution
		{0BDEF116-004B-4673-974A-3A4ABC340696}.Debug|Any CPU.ActiveCfg = Debug|Any CPU
		{0BDEF116-004B-4673-974A-3A4ABC340696}.Debug|Any CPU.Build.0 = Debug|Any CPU
		{0BDEF116-004B-4673-974A-3A4ABC340696}.Release|Any CPU.ActiveCfg = Release|Any CPU
		{0BDEF116-004B-4673-974A-3A4ABC340696}.Release|Any CPU.Build.0 = Release|Any CPU
		{565EAC16-0559-49F1-9A4F-DF9C175FDD3E}.Debug|Any CPU.ActiveCfg = Debug|Any CPU
		{565EAC16-0559-49F1-9A4F-DF9C175FDD3E}.Debug|Any CPU.Build.0 = Debug|Any CPU
		{565EAC16-0559-49F1-9A4F-DF9C175FDD3E}.Release|Any CPU.ActiveCfg = Release|Any CPU
		{565EAC16-0559-49F1-9A4F-DF9C175FDD3E}.Release|Any CPU.Build.0 = Release|Any CPU
		{BB137862-4A09-446D-BD6A-0AFC26EB0188}.Debug|Any CPU.ActiveCfg = Debug|Any CPU
		{BB137862-4A09-446D-BD6A-0AFC26EB0188}.Debug|Any CPU.Build.0 = Debug|Any CPU
		{BB137862-4A09-446D-BD6A-0AFC26EB0188}.Release|Any CPU.ActiveCfg = Release|Any CPU
		{BB137862-4A09-446D-BD6A-0AFC26EB0188}.Release|Any CPU.Build.0 = Release|Any CPU
		{8BA98FC5-C8A9-4791-A2CE-59BA67800DB3}.Debug|Any CPU.ActiveCfg = Debug|Any CPU
		{8BA98FC5-C8A9-4791-A2CE-59BA67800DB3}.Debug|Any CPU.Build.0 = Debug|Any CPU
		{8BA98FC5-C8A9-4791-A2CE-59BA67800DB3}.Release|Any CPU.ActiveCfg = Release|Any CPU
		{8BA98FC5-C8A9-4791-A2CE-59BA67800DB3}.Release|Any CPU.Build.0 = Release|Any CPU
	EndGlobalSection
	GlobalSection(SolutionProperties) = preSolution
		HideSolutionNode = FALSE
	EndGlobalSection
	GlobalSection(ExtensibilityGlobals) = postSolution
		SolutionGuid = {99B41D8F-DD2B-4DA5-A224-B501E1E9C0C1}
	EndGlobalSection
EndGlobal
